// !$*UTF8*$!
{
	archiveVersion = 1;
	classes = {
	};
	objectVersion = 46;
	objects = {

/* Begin PBXBuildFile section */
		11595B871D8C1EE300407111 /* AppDelegate.swift in Sources */ = {isa = PBXBuildFile; fileRef = 11595B861D8C1EE300407111 /* AppDelegate.swift */; };
		11595B891D8C1EE300407111 /* MainVC.swift in Sources */ = {isa = PBXBuildFile; fileRef = 11595B881D8C1EE300407111 /* MainVC.swift */; };
		11595B8C1D8C1EE300407111 /* Main.storyboard in Resources */ = {isa = PBXBuildFile; fileRef = 11595B8A1D8C1EE300407111 /* Main.storyboard */; };
		11595B8E1D8C1EE300407111 /* Assets.xcassets in Resources */ = {isa = PBXBuildFile; fileRef = 11595B8D1D8C1EE300407111 /* Assets.xcassets */; };
		11595B911D8C1EE300407111 /* LaunchScreen.storyboard in Resources */ = {isa = PBXBuildFile; fileRef = 11595B8F1D8C1EE300407111 /* LaunchScreen.storyboard */; };
		11595B9D1D8C271000407111 /* still time.ttf in Resources */ = {isa = PBXBuildFile; fileRef = 11595B9C1D8C271000407111 /* still time.ttf */; };
		11595BA01D8C283700407111 /* VideoVC.swift in Sources */ = {isa = PBXBuildFile; fileRef = 11595B9F1D8C283700407111 /* VideoVC.swift */; };
		11595BA21D8C2CBE00407111 /* PartyCell.swift in Sources */ = {isa = PBXBuildFile; fileRef = 11595BA11D8C2CBE00407111 /* PartyCell.swift */; };
		11595BA41D8C43E600407111 /* PartyRock.swift in Sources */ = {isa = PBXBuildFile; fileRef = 11595BA31D8C43E600407111 /* PartyRock.swift */; };
/* End PBXBuildFile section */

/* Begin PBXFileReference section */
		11595B831D8C1EE300407111 /* party-rock.app */ = {isa = PBXFileReference; explicitFileType = wrapper.application; includeInIndex = 0; path = "party-rock.app"; sourceTree = BUILT_PRODUCTS_DIR; };
		11595B861D8C1EE300407111 /* AppDelegate.swift */ = {isa = PBXFileReference; lastKnownFileType = sourcecode.swift; path = AppDelegate.swift; sourceTree = "<group>"; };
		11595B881D8C1EE300407111 /* MainVC.swift */ = {isa = PBXFileReference; lastKnownFileType = sourcecode.swift; path = MainVC.swift; sourceTree = "<group>"; };
		11595B8B1D8C1EE300407111 /* Base */ = {isa = PBXFileReference; lastKnownFileType = file.storyboard; name = Base; path = Base.lproj/Main.storyboard; sourceTree = "<group>"; };
		11595B8D1D8C1EE300407111 /* Assets.xcassets */ = {isa = PBXFileReference; lastKnownFileType = folder.assetcatalog; path = Assets.xcassets; sourceTree = "<group>"; };
		11595B901D8C1EE300407111 /* Base */ = {isa = PBXFileReference; lastKnownFileType = file.storyboard; name = Base; path = Base.lproj/LaunchScreen.storyboard; sourceTree = "<group>"; };
		11595B921D8C1EE300407111 /* Info.plist */ = {isa = PBXFileReference; lastKnownFileType = text.plist.xml; path = Info.plist; sourceTree = "<group>"; };
		11595B9C1D8C271000407111 /* still time.ttf */ = {isa = PBXFileReference; lastKnownFileType = file; path = "still time.ttf"; sourceTree = "<group>"; };
		11595B9F1D8C283700407111 /* VideoVC.swift */ = {isa = PBXFileReference; fileEncoding = 4; lastKnownFileType = sourcecode.swift; path = VideoVC.swift; sourceTree = "<group>"; };
		11595BA11D8C2CBE00407111 /* PartyCell.swift */ = {isa = PBXFileReference; fileEncoding = 4; lastKnownFileType = sourcecode.swift; path = PartyCell.swift; sourceTree = "<group>"; };
		11595BA31D8C43E600407111 /* PartyRock.swift */ = {isa = PBXFileReference; fileEncoding = 4; lastKnownFileType = sourcecode.swift; path = PartyRock.swift; sourceTree = "<group>"; };
/* End PBXFileReference section */

/* Begin PBXFrameworksBuildPhase section */
		11595B801D8C1EE300407111 /* Frameworks */ = {
			isa = PBXFrameworksBuildPhase;
			buildActionMask = 2147483647;
			files = (
			);
			runOnlyForDeploymentPostprocessing = 0;
		};
/* End PBXFrameworksBuildPhase section */

/* Begin PBXGroup section */
		11595B7A1D8C1EE300407111 = {
			isa = PBXGroup;
			children = (
				11595B851D8C1EE300407111 /* party-rock */,
				11595B841D8C1EE300407111 /* Products */,
			);
			sourceTree = "<group>";
		};
		11595B841D8C1EE300407111 /* Products */ = {
			isa = PBXGroup;
			children = (
				11595B831D8C1EE300407111 /* party-rock.app */,
			);
			name = Products;
			sourceTree = "<group>";
		};
		11595B851D8C1EE300407111 /* party-rock */ = {
			isa = PBXGroup;
			children = (
				11595B981D8C215600407111 /* Model */,
				11595B991D8C215B00407111 /* View */,
				11595B9A1D8C215F00407111 /* Controller */,
				11595B8A1D8C1EE300407111 /* Main.storyboard */,
				11595B8D1D8C1EE300407111 /* Assets.xcassets */,
				11595B9B1D8C217700407111 /* Supporting Files */,
			);
			path = "party-rock";
			sourceTree = "<group>";
		};
		11595B981D8C215600407111 /* Model */ = {
			isa = PBXGroup;
			children = (
				11595BA31D8C43E600407111 /* PartyRock.swift */,
			);
			name = Model;
			sourceTree = "<group>";
		};
		11595B991D8C215B00407111 /* View */ = {
			isa = PBXGroup;
			children = (
				11595BA11D8C2CBE00407111 /* PartyCell.swift */,
			);
			name = View;
			sourceTree = "<group>";
		};
		11595B9A1D8C215F00407111 /* Controller */ = {
			isa = PBXGroup;
			children = (
				11595B881D8C1EE300407111 /* MainVC.swift */,
				11595B9F1D8C283700407111 /* VideoVC.swift */,
			);
			name = Controller;
			sourceTree = "<group>";
		};
		11595B9B1D8C217700407111 /* Supporting Files */ = {
			isa = PBXGroup;
			children = (
				11595B9C1D8C271000407111 /* still time.ttf */,
				11595B861D8C1EE300407111 /* AppDelegate.swift */,
				11595B8F1D8C1EE300407111 /* LaunchScreen.storyboard */,
				11595B921D8C1EE300407111 /* Info.plist */,
			);
			name = "Supporting Files";
			sourceTree = "<group>";
		};
/* End PBXGroup section */

/* Begin PBXNativeTarget section */
		11595B821D8C1EE300407111 /* party-rock */ = {
			isa = PBXNativeTarget;
			buildConfigurationList = 11595B951D8C1EE300407111 /* Build configuration list for PBXNativeTarget "party-rock" */;
			buildPhases = (
				11595B7F1D8C1EE300407111 /* Sources */,
				11595B801D8C1EE300407111 /* Frameworks */,
				11595B811D8C1EE300407111 /* Resources */,
			);
			buildRules = (
			);
			dependencies = (
			);
			name = "party-rock";
			productName = "party-rock";
			productReference = 11595B831D8C1EE300407111 /* party-rock.app */;
			productType = "com.apple.product-type.application";
		};
/* End PBXNativeTarget section */

/* Begin PBXProject section */
		11595B7B1D8C1EE300407111 /* Project object */ = {
			isa = PBXProject;
			attributes = {
				LastSwiftUpdateCheck = 0800;
				LastUpgradeCheck = 0800;
				ORGANIZATIONNAME = "Vjaceslav Horbac";
				TargetAttributes = {
					11595B821D8C1EE300407111 = {
						CreatedOnToolsVersion = 8.0;
						DevelopmentTeam = AC6K9V2C7Z;
						ProvisioningStyle = Automatic;
					};
				};
			};
			buildConfigurationList = 11595B7E1D8C1EE300407111 /* Build configuration list for PBXProject "party-rock" */;
			compatibilityVersion = "Xcode 3.2";
			developmentRegion = English;
			hasScannedForEncodings = 0;
			knownRegions = (
				en,
				Base,
			);
			mainGroup = 11595B7A1D8C1EE300407111;
			productRefGroup = 11595B841D8C1EE300407111 /* Products */;
			projectDirPath = "";
			projectRoot = "";
			targets = (
				11595B821D8C1EE300407111 /* party-rock */,
			);
		};
/* End PBXProject section */

/* Begin PBXResourcesBuildPhase section */
		11595B811D8C1EE300407111 /* Resources */ = {
			isa = PBXResourcesBuildPhase;
			buildActionMask = 2147483647;
			files = (
				11595B911D8C1EE300407111 /* LaunchScreen.storyboard in Resources */,
				11595B9D1D8C271000407111 /* still time.ttf in Resources */,
				11595B8E1D8C1EE300407111 /* Assets.xcassets in Resources */,
				11595B8C1D8C1EE300407111 /* Main.storyboard in Resources */,
			);
			runOnlyForDeploymentPostprocessing = 0;
		};
/* End PBXResourcesBuildPhase section */

/* Begin PBXSourcesBuildPhase section */
		11595B7F1D8C1EE300407111 /* Sources */ = {
			isa = PBXSourcesBuildPhase;
			buildActionMask = 2147483647;
			files = (
				11595BA01D8C283700407111 /* VideoVC.swift in Sources */,
				11595B891D8C1EE300407111 /* MainVC.swift in Sources */,
				11595BA41D8C43E600407111 /* PartyRock.swift in Sources */,
				11595BA21D8C2CBE00407111 /* PartyCell.swift in Sources */,
				11595B871D8C1EE300407111 /* AppDelegate.swift in Sources */,
			);
			runOnlyForDeploymentPostprocessing = 0;
		};
/* End PBXSourcesBuildPhase section */

/* Begin PBXVariantGroup section */
		11595B8A1D8C1EE300407111 /* Main.storyboard */ = {
			isa = PBXVariantGroup;
			children = (
				11595B8B1D8C1EE300407111 /* Base */,
			);
			name = Main.storyboard;
			sourceTree = "<group>";
		};
		11595B8F1D8C1EE300407111 /* LaunchScreen.storyboard */ = {
			isa = PBXVariantGroup;
			children = (
				11595B901D8C1EE300407111 /* Base */,
			);
			name = LaunchScreen.storyboard;
			sourceTree = "<group>";
		};
/* End PBXVariantGroup section */

/* Begin XCBuildConfiguration section */
		11595B931D8C1EE300407111 /* Debug */ = {
			isa = XCBuildConfiguration;
			buildSettings = {
				ALWAYS_SEARCH_USER_PATHS = NO;
				CLANG_ANALYZER_NONNULL = YES;
				CLANG_CXX_LANGUAGE_STANDARD = "gnu++0x";
				CLANG_CXX_LIBRARY = "libc++";
				CLANG_ENABLE_MODULES = YES;
				CLANG_ENABLE_OBJC_ARC = YES;
				CLANG_WARN_BOOL_CONVERSION = YES;
				CLANG_WARN_CONSTANT_CONVERSION = YES;
				CLANG_WARN_DIRECT_OBJC_ISA_USAGE = YES_ERROR;
				CLANG_WARN_DOCUMENTATION_COMMENTS = YES;
				CLANG_WARN_EMPTY_BODY = YES;
				CLANG_WARN_ENUM_CONVERSION = YES;
				CLANG_WARN_INFINITE_RECURSION = YES;
				CLANG_WARN_INT_CONVERSION = YES;
				CLANG_WARN_OBJC_ROOT_CLASS = YES_ERROR;
				CLANG_WARN_SUSPICIOUS_MOVES = YES;
				CLANG_WARN_UNREACHABLE_CODE = YES;
				CLANG_WARN__DUPLICATE_METHOD_MATCH = YES;
				"CODE_SIGN_IDENTITY[sdk=iphoneos*]" = "iPhone Developer";
				COPY_PHASE_STRIP = NO;
				DEBUG_INFORMATION_FORMAT = dwarf;
				ENABLE_STRICT_OBJC_MSGSEND = YES;
				ENABLE_TESTABILITY = YES;
				GCC_C_LANGUAGE_STANDARD = gnu99;
				GCC_DYNAMIC_NO_PIC = NO;
				GCC_NO_COMMON_BLOCKS = YES;
				GCC_OPTIMIZATION_LEVEL = 0;
				GCC_PREPROCESSOR_DEFINITIONS = (
					"DEBUG=1",
					"$(inherited)",
				);
				GCC_WARN_64_TO_32_BIT_CONVERSION = YES;
				GCC_WARN_ABOUT_RETURN_TYPE = YES_ERROR;
				GCC_WARN_UNDECLARED_SELECTOR = YES;
				GCC_WARN_UNINITIALIZED_AUTOS = YES_AGGRESSIVE;
				GCC_WARN_UNUSED_FUNCTION = YES;
				GCC_WARN_UNUSED_VARIABLE = YES;
				IPHONEOS_DEPLOYMENT_TARGET = 10.0;
				MTL_ENABLE_DEBUG_INFO = YES;
				ONLY_ACTIVE_ARCH = YES;
				SDKROOT = iphoneos;
				SWIFT_ACTIVE_COMPILATION_CONDITIONS = DEBUG;
				SWIFT_OPTIMIZATION_LEVEL = "-Onone";
			};
			name = Debug;
		};
		11595B941D8C1EE300407111 /* Release */ = {
			isa = XCBuildConfiguration;
			buildSettings = {
				ALWAYS_SEARCH_USER_PATHS = NO;
				CLANG_ANALYZER_NONNULL = YES;
				CLANG_CXX_LANGUAGE_STANDARD = "gnu++0x";
				CLANG_CXX_LIBRARY = "libc++";
				CLANG_ENABLE_MODULES = YES;
				CLANG_ENABLE_OBJC_ARC = YES;
				CLANG_WARN_BOOL_CONVERSION = YES;
				CLANG_WARN_CONSTANT_CONVERSION = YES;
				CLANG_WARN_DIRECT_OBJC_ISA_USAGE = YES_ERROR;
				CLANG_WARN_DOCUMENTATION_COMMENTS = YES;
				CLANG_WARN_EMPTY_BODY = YES;
				CLANG_WARN_ENUM_CONVERSION = YES;
				CLANG_WARN_INFINITE_RECURSION = YES;
				CLANG_WARN_INT_CONVERSION = YES;
				CLANG_WARN_OBJC_ROOT_CLASS = YES_ERROR;
				CLANG_WARN_SUSPICIOUS_MOVES = YES;
				CLANG_WARN_UNREACHABLE_CODE = YES;
				CLANG_WARN__DUPLICATE_METHOD_MATCH = YES;
				"CODE_SIGN_IDENTITY[sdk=iphoneos*]" = "iPhone Developer";
				COPY_PHASE_STRIP = NO;
				DEBUG_INFORMATION_FORMAT = "dwarf-with-dsym";
				ENABLE_NS_ASSERTIONS = NO;
				ENABLE_STRICT_OBJC_MSGSEND = YES;
				GCC_C_LANGUAGE_STANDARD = gnu99;
				GCC_NO_COMMON_BLOCKS = YES;
				GCC_WARN_64_TO_32_BIT_CONVERSION = YES;
				GCC_WARN_ABOUT_RETURN_TYPE = YES_ERROR;
				GCC_WARN_UNDECLARED_SELECTOR = YES;
				GCC_WARN_UNINITIALIZED_AUTOS = YES_AGGRESSIVE;
				GCC_WARN_UNUSED_FUNCTION = YES;
				GCC_WARN_UNUSED_VARIABLE = YES;
				IPHONEOS_DEPLOYMENT_TARGET = 10.0;
				MTL_ENABLE_DEBUG_INFO = NO;
				SDKROOT = iphoneos;
				SWIFT_OPTIMIZATION_LEVEL = "-Owholemodule";
				VALIDATE_PRODUCT = YES;
			};
			name = Release;
		};
		11595B961D8C1EE300407111 /* Debug */ = {
			isa = XCBuildConfiguration;
			buildSettings = {
				ASSETCATALOG_COMPILER_APPICON_NAME = AppIcon;
				DEVELOPMENT_TEAM = AC6K9V2C7Z;
				INFOPLIST_FILE = "party-rock/Info.plist";
				LD_RUNPATH_SEARCH_PATHS = "$(inherited) @executable_path/Frameworks";
				PRODUCT_BUNDLE_IDENTIFIER = "com.horbac.party-rock";
				PRODUCT_NAME = "$(TARGET_NAME)";
				SWIFT_VERSION = 3.0;
			};
			name = Debug;
		};
		11595B971D8C1EE300407111 /* Release */ = {
			isa = XCBuildConfiguration;
			buildSettings = {
				ASSETCATALOG_COMPILER_APPICON_NAME = AppIcon;
				DEVELOPMENT_TEAM = AC6K9V2C7Z;
				INFOPLIST_FILE = "party-rock/Info.plist";
				LD_RUNPATH_SEARCH_PATHS = "$(inherited) @executable_path/Frameworks";
				PRODUCT_BUNDLE_IDENTIFIER = "com.horbac.party-rock";
				PRODUCT_NAME = "$(TARGET_NAME)";
				SWIFT_VERSION = 3.0;
			};
			name = Release;
		};
/* End XCBuildConfiguration section */

/* Begin XCConfigurationList section */
		11595B7E1D8C1EE300407111 /* Build configuration list for PBXProject "party-rock" */ = {
			isa = XCConfigurationList;
			buildConfigurations = (
				11595B931D8C1EE300407111 /* Debug */,
				11595B941D8C1EE300407111 /* Release */,
			);
			defaultConfigurationIsVisible = 0;
			defaultConfigurationName = Release;
		};
		11595B951D8C1EE300407111 /* Build configuration list for PBXNativeTarget "party-rock" */ = {
			isa = XCConfigurationList;
			buildConfigurations = (
				11595B961D8C1EE300407111 /* Debug */,
				11595B971D8C1EE300407111 /* Release */,
			);
			defaultConfigurationIsVisible = 0;
			defaultConfigurationName = Release;
		};
/* End XCConfigurationList section */
	};
	rootObject = 11595B7B1D8C1EE300407111 /* Project object */;
}
